// !$*UTF8*$!
{
	archiveVersion = 1;
	classes = {
	};
	objectVersion = 55;
	objects = {

/* Begin PBXBuildFile section */
		112EC1DD27F9C648009E6260 /* DataManager.swift in Sources */ = {isa = PBXBuildFile; fileRef = 112EC1DC27F9C648009E6260 /* DataManager.swift */; };
		112EC1E127F9CB3F009E6260 /* AsteroidCell.swift in Sources */ = {isa = PBXBuildFile; fileRef = 112EC1DF27F9CB3F009E6260 /* AsteroidCell.swift */; };
		112EC1E227F9CB3F009E6260 /* AsteroidCell.xib in Resources */ = {isa = PBXBuildFile; fileRef = 112EC1E027F9CB3F009E6260 /* AsteroidCell.xib */; };
		117FB6A327F6232B00B2DB17 /* AppDelegate.swift in Sources */ = {isa = PBXBuildFile; fileRef = 117FB6A227F6232B00B2DB17 /* AppDelegate.swift */; };
		117FB6A527F6232B00B2DB17 /* SceneDelegate.swift in Sources */ = {isa = PBXBuildFile; fileRef = 117FB6A427F6232B00B2DB17 /* SceneDelegate.swift */; };
		117FB6A727F6232B00B2DB17 /* HomeViewController.swift in Sources */ = {isa = PBXBuildFile; fileRef = 117FB6A627F6232B00B2DB17 /* HomeViewController.swift */; };
		117FB6AA27F6232B00B2DB17 /* Main.storyboard in Resources */ = {isa = PBXBuildFile; fileRef = 117FB6A827F6232B00B2DB17 /* Main.storyboard */; };
		117FB6AD27F6232B00B2DB17 /* ArmageddonV.xcdatamodeld in Sources */ = {isa = PBXBuildFile; fileRef = 117FB6AB27F6232B00B2DB17 /* ArmageddonV.xcdatamodeld */; };
		117FB6AF27F6232B00B2DB17 /* Assets.xcassets in Resources */ = {isa = PBXBuildFile; fileRef = 117FB6AE27F6232B00B2DB17 /* Assets.xcassets */; };
		117FB6B227F6232B00B2DB17 /* LaunchScreen.storyboard in Resources */ = {isa = PBXBuildFile; fileRef = 117FB6B027F6232B00B2DB17 /* LaunchScreen.storyboard */; };
		117FB6BA27F62CF800B2DB17 /* NetworkManager.swift in Sources */ = {isa = PBXBuildFile; fileRef = 117FB6B927F62CF800B2DB17 /* NetworkManager.swift */; };
		117FB6BC27F6303300B2DB17 /* Asteroid.swift in Sources */ = {isa = PBXBuildFile; fileRef = 117FB6BB27F6303300B2DB17 /* Asteroid.swift */; };
		117FB6BE27F6337400B2DB17 /* JSONParsing.swift in Sources */ = {isa = PBXBuildFile; fileRef = 117FB6BD27F6337400B2DB17 /* JSONParsing.swift */; };
		117FB6C227F8EF9500B2DB17 /* Convergence.swift in Sources */ = {isa = PBXBuildFile; fileRef = 117FB6C127F8EF9500B2DB17 /* Convergence.swift */; };
/* End PBXBuildFile section */

/* Begin PBXFileReference section */
		112EC1DC27F9C648009E6260 /* DataManager.swift */ = {isa = PBXFileReference; lastKnownFileType = sourcecode.swift; path = DataManager.swift; sourceTree = "<group>"; };
		112EC1DF27F9CB3F009E6260 /* AsteroidCell.swift */ = {isa = PBXFileReference; lastKnownFileType = sourcecode.swift; path = AsteroidCell.swift; sourceTree = "<group>"; };
		112EC1E027F9CB3F009E6260 /* AsteroidCell.xib */ = {isa = PBXFileReference; lastKnownFileType = file.xib; path = AsteroidCell.xib; sourceTree = "<group>"; };
		117FB69F27F6232B00B2DB17 /* ArmageddonV.app */ = {isa = PBXFileReference; explicitFileType = wrapper.application; includeInIndex = 0; path = ArmageddonV.app; sourceTree = BUILT_PRODUCTS_DIR; };
		117FB6A227F6232B00B2DB17 /* AppDelegate.swift */ = {isa = PBXFileReference; lastKnownFileType = sourcecode.swift; path = AppDelegate.swift; sourceTree = "<group>"; };
		117FB6A427F6232B00B2DB17 /* SceneDelegate.swift */ = {isa = PBXFileReference; lastKnownFileType = sourcecode.swift; path = SceneDelegate.swift; sourceTree = "<group>"; };
		117FB6A627F6232B00B2DB17 /* HomeViewController.swift */ = {isa = PBXFileReference; lastKnownFileType = sourcecode.swift; path = HomeViewController.swift; sourceTree = "<group>"; };
		117FB6A927F6232B00B2DB17 /* Base */ = {isa = PBXFileReference; lastKnownFileType = file.storyboard; name = Base; path = Base.lproj/Main.storyboard; sourceTree = "<group>"; };
		117FB6AC27F6232B00B2DB17 /* ArmageddonV.xcdatamodel */ = {isa = PBXFileReference; lastKnownFileType = wrapper.xcdatamodel; path = ArmageddonV.xcdatamodel; sourceTree = "<group>"; };
		117FB6AE27F6232B00B2DB17 /* Assets.xcassets */ = {isa = PBXFileReference; lastKnownFileType = folder.assetcatalog; path = Assets.xcassets; sourceTree = "<group>"; };
		117FB6B127F6232B00B2DB17 /* Base */ = {isa = PBXFileReference; lastKnownFileType = file.storyboard; name = Base; path = Base.lproj/LaunchScreen.storyboard; sourceTree = "<group>"; };
		117FB6B327F6232B00B2DB17 /* Info.plist */ = {isa = PBXFileReference; lastKnownFileType = text.plist.xml; path = Info.plist; sourceTree = "<group>"; };
		117FB6B927F62CF800B2DB17 /* NetworkManager.swift */ = {isa = PBXFileReference; lastKnownFileType = sourcecode.swift; path = NetworkManager.swift; sourceTree = "<group>"; };
		117FB6BB27F6303300B2DB17 /* Asteroid.swift */ = {isa = PBXFileReference; lastKnownFileType = sourcecode.swift; path = Asteroid.swift; sourceTree = "<group>"; };
		117FB6BD27F6337400B2DB17 /* JSONParsing.swift */ = {isa = PBXFileReference; lastKnownFileType = sourcecode.swift; path = JSONParsing.swift; sourceTree = "<group>"; };
		117FB6C127F8EF9500B2DB17 /* Convergence.swift */ = {isa = PBXFileReference; lastKnownFileType = sourcecode.swift; path = Convergence.swift; sourceTree = "<group>"; };
/* End PBXFileReference section */

/* Begin PBXFrameworksBuildPhase section */
		117FB69C27F6232B00B2DB17 /* Frameworks */ = {
			isa = PBXFrameworksBuildPhase;
			buildActionMask = 2147483647;
			files = (
			);
			runOnlyForDeploymentPostprocessing = 0;
		};
/* End PBXFrameworksBuildPhase section */

/* Begin PBXGroup section */
		112EC1DA27F9C413009E6260 /* Controllers */ = {
			isa = PBXGroup;
			children = (
				117FB6A627F6232B00B2DB17 /* HomeViewController.swift */,
			);
			path = Controllers;
			sourceTree = "<group>";
		};
		112EC1DB27F9C625009E6260 /* Utils */ = {
			isa = PBXGroup;
			children = (
				117FB6BD27F6337400B2DB17 /* JSONParsing.swift */,
				117FB6B927F62CF800B2DB17 /* NetworkManager.swift */,
				112EC1DC27F9C648009E6260 /* DataManager.swift */,
			);
			path = Utils;
			sourceTree = "<group>";
		};
		112EC1DE27F9CB20009E6260 /* AsteroidCell */ = {
			isa = PBXGroup;
			children = (
				112EC1DF27F9CB3F009E6260 /* AsteroidCell.swift */,
				112EC1E027F9CB3F009E6260 /* AsteroidCell.xib */,
			);
			path = AsteroidCell;
			sourceTree = "<group>";
		};
		117FB69627F6232B00B2DB17 = {
			isa = PBXGroup;
			children = (
				117FB6A127F6232B00B2DB17 /* ArmageddonV */,
				117FB6A027F6232B00B2DB17 /* Products */,
			);
			sourceTree = "<group>";
		};
		117FB6A027F6232B00B2DB17 /* Products */ = {
			isa = PBXGroup;
			children = (
				117FB69F27F6232B00B2DB17 /* ArmageddonV.app */,
			);
			name = Products;
			sourceTree = "<group>";
		};
		117FB6A127F6232B00B2DB17 /* ArmageddonV */ = {
			isa = PBXGroup;
			children = (
				112EC1DE27F9CB20009E6260 /* AsteroidCell */,
				112EC1DB27F9C625009E6260 /* Utils */,
				112EC1DA27F9C413009E6260 /* Controllers */,
				117FB6A227F6232B00B2DB17 /* AppDelegate.swift */,
				117FB6A427F6232B00B2DB17 /* SceneDelegate.swift */,
				117FB6A827F6232B00B2DB17 /* Main.storyboard */,
				117FB6AE27F6232B00B2DB17 /* Assets.xcassets */,
				117FB6B027F6232B00B2DB17 /* LaunchScreen.storyboard */,
				117FB6B327F6232B00B2DB17 /* Info.plist */,
				117FB6AB27F6232B00B2DB17 /* ArmageddonV.xcdatamodeld */,
				117FB6BB27F6303300B2DB17 /* Asteroid.swift */,
				117FB6C127F8EF9500B2DB17 /* Convergence.swift */,
			);
			path = ArmageddonV;
			sourceTree = "<group>";
		};
/* End PBXGroup section */

/* Begin PBXNativeTarget section */
		117FB69E27F6232B00B2DB17 /* ArmageddonV */ = {
			isa = PBXNativeTarget;
			buildConfigurationList = 117FB6B627F6232B00B2DB17 /* Build configuration list for PBXNativeTarget "ArmageddonV" */;
			buildPhases = (
				117FB69B27F6232B00B2DB17 /* Sources */,
				117FB69C27F6232B00B2DB17 /* Frameworks */,
				117FB69D27F6232B00B2DB17 /* Resources */,
			);
			buildRules = (
			);
			dependencies = (
			);
			name = ArmageddonV;
			productName = ArmageddonV;
			productReference = 117FB69F27F6232B00B2DB17 /* ArmageddonV.app */;
			productType = "com.apple.product-type.application";
		};
/* End PBXNativeTarget section */

/* Begin PBXProject section */
		117FB69727F6232B00B2DB17 /* Project object */ = {
			isa = PBXProject;
			attributes = {
				BuildIndependentTargetsInParallel = 1;
				LastSwiftUpdateCheck = 1320;
				LastUpgradeCheck = 1320;
				TargetAttributes = {
					117FB69E27F6232B00B2DB17 = {
						CreatedOnToolsVersion = 13.2.1;
					};
				};
			};
			buildConfigurationList = 117FB69A27F6232B00B2DB17 /* Build configuration list for PBXProject "ArmageddonV" */;
			compatibilityVersion = "Xcode 13.0";
			developmentRegion = en;
			hasScannedForEncodings = 0;
			knownRegions = (
				en,
				Base,
			);
			mainGroup = 117FB69627F6232B00B2DB17;
			productRefGroup = 117FB6A027F6232B00B2DB17 /* Products */;
			projectDirPath = "";
			projectRoot = "";
			targets = (
				117FB69E27F6232B00B2DB17 /* ArmageddonV */,
			);
		};
/* End PBXProject section */

/* Begin PBXResourcesBuildPhase section */
		117FB69D27F6232B00B2DB17 /* Resources */ = {
			isa = PBXResourcesBuildPhase;
			buildActionMask = 2147483647;
			files = (
				112EC1E227F9CB3F009E6260 /* AsteroidCell.xib in Resources */,
				117FB6B227F6232B00B2DB17 /* LaunchScreen.storyboard in Resources */,
				117FB6AF27F6232B00B2DB17 /* Assets.xcassets in Resources */,
				117FB6AA27F6232B00B2DB17 /* Main.storyboard in Resources */,
			);
			runOnlyForDeploymentPostprocessing = 0;
		};
/* End PBXResourcesBuildPhase section */

/* Begin PBXSourcesBuildPhase section */
		117FB69B27F6232B00B2DB17 /* Sources */ = {
			isa = PBXSourcesBuildPhase;
			buildActionMask = 2147483647;
			files = (
				117FB6AD27F6232B00B2DB17 /* ArmageddonV.xcdatamodeld in Sources */,
				117FB6A727F6232B00B2DB17 /* HomeViewController.swift in Sources */,
				112EC1E127F9CB3F009E6260 /* AsteroidCell.swift in Sources */,
				117FB6BA27F62CF800B2DB17 /* NetworkManager.swift in Sources */,
				117FB6C227F8EF9500B2DB17 /* Convergence.swift in Sources */,
				117FB6A327F6232B00B2DB17 /* AppDelegate.swift in Sources */,
				117FB6BC27F6303300B2DB17 /* Asteroid.swift in Sources */,
				117FB6A527F6232B00B2DB17 /* SceneDelegate.swift in Sources */,
				112EC1DD27F9C648009E6260 /* DataManager.swift in Sources */,
				117FB6BE27F6337400B2DB17 /* JSONParsing.swift in Sources */,
			);
			runOnlyForDeploymentPostprocessing = 0;
		};
/* End PBXSourcesBuildPhase section */

/* Begin PBXVariantGroup section */
		117FB6A827F6232B00B2DB17 /* Main.storyboard */ = {
			isa = PBXVariantGroup;
			children = (
				117FB6A927F6232B00B2DB17 /* Base */,
			);
			name = Main.storyboard;
			sourceTree = "<group>";
		};
		117FB6B027F6232B00B2DB17 /* LaunchScreen.storyboard */ = {
			isa = PBXVariantGroup;
			children = (
				117FB6B127F6232B00B2DB17 /* Base */,
			);
			name = LaunchScreen.storyboard;
			sourceTree = "<group>";
		};
/* End PBXVariantGroup section */

/* Begin XCBuildConfiguration section */
		117FB6B427F6232B00B2DB17 /* Debug */ = {
			isa = XCBuildConfiguration;
			buildSettings = {
				ALWAYS_SEARCH_USER_PATHS = NO;
				CLANG_ANALYZER_NONNULL = YES;
				CLANG_ANALYZER_NUMBER_OBJECT_CONVERSION = YES_AGGRESSIVE;
				CLANG_CXX_LANGUAGE_STANDARD = "gnu++17";
				CLANG_CXX_LIBRARY = "libc++";
				CLANG_ENABLE_MODULES = YES;
				CLANG_ENABLE_OBJC_ARC = YES;
				CLANG_ENABLE_OBJC_WEAK = YES;
				CLANG_WARN_BLOCK_CAPTURE_AUTORELEASING = YES;
				CLANG_WARN_BOOL_CONVERSION = YES;
				CLANG_WARN_COMMA = YES;
				CLANG_WARN_CONSTANT_CONVERSION = YES;
				CLANG_WARN_DEPRECATED_OBJC_IMPLEMENTATIONS = YES;
				CLANG_WARN_DIRECT_OBJC_ISA_USAGE = YES_ERROR;
				CLANG_WARN_DOCUMENTATION_COMMENTS = YES;
				CLANG_WARN_EMPTY_BODY = YES;
				CLANG_WARN_ENUM_CONVERSION = YES;
				CLANG_WARN_INFINITE_RECURSION = YES;
				CLANG_WARN_INT_CONVERSION = YES;
				CLANG_WARN_NON_LITERAL_NULL_CONVERSION = YES;
				CLANG_WARN_OBJC_IMPLICIT_RETAIN_SELF = YES;
				CLANG_WARN_OBJC_LITERAL_CONVERSION = YES;
				CLANG_WARN_OBJC_ROOT_CLASS = YES_ERROR;
				CLANG_WARN_QUOTED_INCLUDE_IN_FRAMEWORK_HEADER = YES;
				CLANG_WARN_RANGE_LOOP_ANALYSIS = YES;
				CLANG_WARN_STRICT_PROTOTYPES = YES;
				CLANG_WARN_SUSPICIOUS_MOVE = YES;
				CLANG_WARN_UNGUARDED_AVAILABILITY = YES_AGGRESSIVE;
				CLANG_WARN_UNREACHABLE_CODE = YES;
				CLANG_WARN__DUPLICATE_METHOD_MATCH = YES;
				COPY_PHASE_STRIP = NO;
				DEBUG_INFORMATION_FORMAT = dwarf;
				ENABLE_STRICT_OBJC_MSGSEND = YES;
				ENABLE_TESTABILITY = YES;
				GCC_C_LANGUAGE_STANDARD = gnu11;
				GCC_DYNAMIC_NO_PIC = NO;
				GCC_NO_COMMON_BLOCKS = YES;
				GCC_OPTIMIZATION_LEVEL = 0;
				GCC_PREPROCESSOR_DEFINITIONS = (
					"DEBUG=1",
					"$(inherited)",
				);
				GCC_WARN_64_TO_32_BIT_CONVERSION = YES;
				GCC_WARN_ABOUT_RETURN_TYPE = YES_ERROR;
				GCC_WARN_UNDECLARED_SELECTOR = YES;
				GCC_WARN_UNINITIALIZED_AUTOS = YES_AGGRESSIVE;
				GCC_WARN_UNUSED_FUNCTION = YES;
				GCC_WARN_UNUSED_VARIABLE = YES;
				IPHONEOS_DEPLOYMENT_TARGET = 15.2;
				MTL_ENABLE_DEBUG_INFO = INCLUDE_SOURCE;
				MTL_FAST_MATH = YES;
				ONLY_ACTIVE_ARCH = YES;
				SDKROOT = iphoneos;
				SWIFT_ACTIVE_COMPILATION_CONDITIONS = DEBUG;
				SWIFT_OPTIMIZATION_LEVEL = "-Onone";
			};
			name = Debug;
		};
		117FB6B527F6232B00B2DB17 /* Release */ = {
			isa = XCBuildConfiguration;
			buildSettings = {
				ALWAYS_SEARCH_USER_PATHS = NO;
				CLANG_ANALYZER_NONNULL = YES;
				CLANG_ANALYZER_NUMBER_OBJECT_CONVERSION = YES_AGGRESSIVE;
				CLANG_CXX_LANGUAGE_STANDARD = "gnu++17";
				CLANG_CXX_LIBRARY = "libc++";
				CLANG_ENABLE_MODULES = YES;
				CLANG_ENABLE_OBJC_ARC = YES;
				CLANG_ENABLE_OBJC_WEAK = YES;
				CLANG_WARN_BLOCK_CAPTURE_AUTORELEASING = YES;
				CLANG_WARN_BOOL_CONVERSION = YES;
				CLANG_WARN_COMMA = YES;
				CLANG_WARN_CONSTANT_CONVERSION = YES;
				CLANG_WARN_DEPRECATED_OBJC_IMPLEMENTATIONS = YES;
				CLANG_WARN_DIRECT_OBJC_ISA_USAGE = YES_ERROR;
				CLANG_WARN_DOCUMENTATION_COMMENTS = YES;
				CLANG_WARN_EMPTY_BODY = YES;
				CLANG_WARN_ENUM_CONVERSION = YES;
				CLANG_WARN_INFINITE_RECURSION = YES;
				CLANG_WARN_INT_CONVERSION = YES;
				CLANG_WARN_NON_LITERAL_NULL_CONVERSION = YES;
				CLANG_WARN_OBJC_IMPLICIT_RETAIN_SELF = YES;
				CLANG_WARN_OBJC_LITERAL_CONVERSION = YES;
				CLANG_WARN_OBJC_ROOT_CLASS = YES_ERROR;
				CLANG_WARN_QUOTED_INCLUDE_IN_FRAMEWORK_HEADER = YES;
				CLANG_WARN_RANGE_LOOP_ANALYSIS = YES;
				CLANG_WARN_STRICT_PROTOTYPES = YES;
				CLANG_WARN_SUSPICIOUS_MOVE = YES;
				CLANG_WARN_UNGUARDED_AVAILABILITY = YES_AGGRESSIVE;
				CLANG_WARN_UNREACHABLE_CODE = YES;
				CLANG_WARN__DUPLICATE_METHOD_MATCH = YES;
				COPY_PHASE_STRIP = NO;
				DEBUG_INFORMATION_FORMAT = "dwarf-with-dsym";
				ENABLE_NS_ASSERTIONS = NO;
				ENABLE_STRICT_OBJC_MSGSEND = YES;
				GCC_C_LANGUAGE_STANDARD = gnu11;
				GCC_NO_COMMON_BLOCKS = YES;
				GCC_WARN_64_TO_32_BIT_CONVERSION = YES;
				GCC_WARN_ABOUT_RETURN_TYPE = YES_ERROR;
				GCC_WARN_UNDECLARED_SELECTOR = YES;
				GCC_WARN_UNINITIALIZED_AUTOS = YES_AGGRESSIVE;
				GCC_WARN_UNUSED_FUNCTION = YES;
				GCC_WARN_UNUSED_VARIABLE = YES;
				IPHONEOS_DEPLOYMENT_TARGET = 15.2;
				MTL_ENABLE_DEBUG_INFO = NO;
				MTL_FAST_MATH = YES;
				SDKROOT = iphoneos;
				SWIFT_COMPILATION_MODE = wholemodule;
				SWIFT_OPTIMIZATION_LEVEL = "-O";
				VALIDATE_PRODUCT = YES;
			};
			name = Release;
		};
		117FB6B727F6232B00B2DB17 /* Debug */ = {
			isa = XCBuildConfiguration;
			buildSettings = {
				ASSETCATALOG_COMPILER_APPICON_NAME = AppIcon;
				ASSETCATALOG_COMPILER_GLOBAL_ACCENT_COLOR_NAME = AccentColor;
				CODE_SIGN_STYLE = Automatic;
				CURRENT_PROJECT_VERSION = 1;
				DEVELOPMENT_TEAM = PYX75F92Q4;
				GENERATE_INFOPLIST_FILE = YES;
				INFOPLIST_FILE = ArmageddonV/Info.plist;
				INFOPLIST_KEY_UIApplicationSupportsIndirectInputEvents = YES;
				INFOPLIST_KEY_UILaunchStoryboardName = LaunchScreen;
				INFOPLIST_KEY_UIMainStoryboardFile = Main;
				INFOPLIST_KEY_UISupportedInterfaceOrientations = UIInterfaceOrientationPortrait;
				INFOPLIST_KEY_UISupportedInterfaceOrientations_iPad = "UIInterfaceOrientationPortrait UIInterfaceOrientationPortraitUpsideDown UIInterfaceOrientationLandscapeLeft UIInterfaceOrientationLandscapeRight";
				INFOPLIST_KEY_UISupportedInterfaceOrientations_iPhone = "UIInterfaceOrientationPortrait UIInterfaceOrientationLandscapeLeft UIInterfaceOrientationLandscapeRight";
				IPHONEOS_DEPLOYMENT_TARGET = 15.0;
				LD_RUNPATH_SEARCH_PATHS = (
					"$(inherited)",
					"@executable_path/Frameworks",
				);
				MARKETING_VERSION = 1.0;
				PRODUCT_BUNDLE_IDENTIFIER = alexander.ArmageddonV;
				PRODUCT_NAME = "$(TARGET_NAME)";
				SWIFT_EMIT_LOC_STRINGS = YES;
				SWIFT_VERSION = 5.0;
				TARGETED_DEVICE_FAMILY = "1,2";
			};
			name = Debug;
		};
		117FB6B827F6232B00B2DB17 /* Release */ = {
			isa = XCBuildConfiguration;
			buildSettings = {
				ASSETCATALOG_COMPILER_APPICON_NAME = AppIcon;
				ASSETCATALOG_COMPILER_GLOBAL_ACCENT_COLOR_NAME = AccentColor;
				CODE_SIGN_STYLE = Automatic;
				CURRENT_PROJECT_VERSION = 1;
				DEVELOPMENT_TEAM = PYX75F92Q4;
				GENERATE_INFOPLIST_FILE = YES;
				INFOPLIST_FILE = ArmageddonV/Info.plist;
				INFOPLIST_KEY_UIApplicationSupportsIndirectInputEvents = YES;
				INFOPLIST_KEY_UILaunchStoryboardName = LaunchScreen;
				INFOPLIST_KEY_UIMainStoryboardFile = Main;
				INFOPLIST_KEY_UISupportedInterfaceOrientations = UIInterfaceOrientationPortrait;
				INFOPLIST_KEY_UISupportedInterfaceOrientations_iPad = "UIInterfaceOrientationPortrait UIInterfaceOrientationPortraitUpsideDown UIInterfaceOrientationLandscapeLeft UIInterfaceOrientationLandscapeRight";
				INFOPLIST_KEY_UISupportedInterfaceOrientations_iPhone = "UIInterfaceOrientationPortrait UIInterfaceOrientationLandscapeLeft UIInterfaceOrientationLandscapeRight";
				IPHONEOS_DEPLOYMENT_TARGET = 15.0;
				LD_RUNPATH_SEARCH_PATHS = (
					"$(inherited)",
					"@executable_path/Frameworks",
				);
				MARKETING_VERSION = 1.0;
				PRODUCT_BUNDLE_IDENTIFIER = alexander.ArmageddonV;
				PRODUCT_NAME = "$(TARGET_NAME)";
				SWIFT_EMIT_LOC_STRINGS = YES;
				SWIFT_VERSION = 5.0;
				TARGETED_DEVICE_FAMILY = "1,2";
			};
			name = Release;
		};
/* End XCBuildConfiguration section */

/* Begin XCConfigurationList section */
		117FB69A27F6232B00B2DB17 /* Build configuration list for PBXProject "ArmageddonV" */ = {
			isa = XCConfigurationList;
			buildConfigurations = (
				117FB6B427F6232B00B2DB17 /* Debug */,
				117FB6B527F6232B00B2DB17 /* Release */,
			);
			defaultConfigurationIsVisible = 0;
			defaultConfigurationName = Release;
		};
		117FB6B627F6232B00B2DB17 /* Build configuration list for PBXNativeTarget "ArmageddonV" */ = {
			isa = XCConfigurationList;
			buildConfigurations = (
				117FB6B727F6232B00B2DB17 /* Debug */,
				117FB6B827F6232B00B2DB17 /* Release */,
			);
			defaultConfigurationIsVisible = 0;
			defaultConfigurationName = Release;
		};
/* End XCConfigurationList section */

/* Begin XCVersionGroup section */
		117FB6AB27F6232B00B2DB17 /* ArmageddonV.xcdatamodeld */ = {
			isa = XCVersionGroup;
			children = (
				117FB6AC27F6232B00B2DB17 /* ArmageddonV.xcdatamodel */,
			);
			currentVersion = 117FB6AC27F6232B00B2DB17 /* ArmageddonV.xcdatamodel */;
			path = ArmageddonV.xcdatamodeld;
			sourceTree = "<group>";
			versionGroupType = wrapper.xcdatamodel;
		};
/* End XCVersionGroup section */
	};
	rootObject = 117FB69727F6232B00B2DB17 /* Project object */;
}
